{
  "name": "chou",
  "version": "1.0.0",
  "lockfileVersion": 1,
  "requires": true,
  "dependencies": {
    "@vant/weapp": {
      "version": "1.4.0",
      "resolved": "https://r.cnpmjs.org/@vant/weapp/download/@vant/weapp-1.4.0.tgz",
      "integrity": "sha1-uOXbnapFGmhRkJbOcKiIa5kxO/Y="
    }
  }
}
