{
  "name": "radom",
  "version": "1.0.0",
  "lockfileVersion": 1,
  "requires": true,
  "dependencies": {
    "@vant/weapp": {
      "version": "1.3.3",
      "resolved": "https://r.cnpmjs.org/@vant/weapp/download/@vant/weapp-1.3.3.tgz",
      "integrity": "sha1-5phQQY+Z0r//dotMjIcSJx7te3U="
    }
  }
}
