# THIS IS AN AUTOGENERATED FILE. DO NOT EDIT THIS FILE DIRECTLY.
# yarn lockfile v1


mkdirp@^1.0.3:
  version "1.0.3"
  resolved "https://registry.yarnpkg.com/mkdirp/-/mkdirp-1.0.3.tgz#4cf2e30ad45959dddea53ad97d518b6c8205e1ea"
  integrity sha512-6uCP4Qc0sWsgMLy1EOqqS/3rjDHOEnsStVr/4vtAIK2Y5i2kA7lFFejYrpIyiN9w0pYf4ckeCYT9f1r1P9KX5g==
